lockfileVersion: '9.0'

settings:
  autoInstallPeers: true
  excludeLinksFromLockfile: false

importers:

  .:
    dependencies:
      '@farcaster/frame-sdk':
        specifier: ^0.0.25
        version: 0.0.25(zod@3.25.76)
      '@farcaster/frame-wagmi-connector':
        specifier: ^0.0.12
        version: 0.0.12(@farcaster/frame-sdk@0.0.25(zod@3.25.76))(@wagmi/core@2.20.0(viem@2.35.1(zod@3.25.76)))(viem@2.35.1(zod@3.25.76))

packages:

  '@adraffy/ens-normalize@1.11.0':
    resolution: {integrity: sha512-/3DDPKHqqIqxUULp8yP4zODUY1i+2xvVWsv8A79xGWdCAG+8sb0hRh0Rk2QyOJUnnbyPUAZYcpBuRe3nS2OIUg==}

  '@farcaster/frame-core@0.0.23':
    resolution: {integrity: sha512-etmf9KHrUen6oZwNTLXDZ8jZitztF7yRNNevRcMlUkxy+xw5ZkuW5yXGAxM3HOwuWoNnrc7bcPkHoCwc9ddCfA==}

  '@farcaster/frame-sdk@0.0.25':
    resolution: {integrity: sha512-1+O0gvAmiAmvugqn3xgSj+LCfsG9tibHL+McsxvGN83N2Tu66IX8pBqPwcfj/oKUA0nTy8Imv2p/z8+q2xcN+Q==}

  '@farcaster/frame-wagmi-connector@0.0.12':
    resolution: {integrity: sha512-YHeKeTSfG80MnQw/M2xCTk8DSKXglIQgmFgoN9Sq8MWRrwnhwH1mIJz93ZGdg76WZo3suz24AfD4uyFM/NKkVA==}
    peerDependencies:
      '@farcaster/frame-sdk': ^0.0.25
      '@wagmi/core': ^2.14.1
      viem: ^2.21.55

  '@noble/ciphers@1.3.0':
    resolution: {integrity: sha512-2I0gnIVPtfnMw9ee9h1dJG7tp81+8Ob3OJb3Mv37rx5L40/b0i7djjCVvGOVqc9AEIQyvyu1i6ypKdFw8R8gQw==}
    engines: {node: ^14.21.3 || >=16}

  '@noble/curves@1.9.6':
    resolution: {integrity: sha512-GIKz/j99FRthB8icyJQA51E8Uk5hXmdyThjgQXRKiv9h0zeRlzSCLIzFw6K1LotZ3XuB7yzlf76qk7uBmTdFqA==}
    engines: {node: ^14.21.3 || >=16}

  '@noble/curves@1.9.7':
    resolution: {integrity: sha512-gbKGcRUYIjA3/zCCNaWDciTMFI0dCkvou3TL8Zmy5Nc7sJ47a0jtOeZoTaMxkuqRo9cRhjOdZJXegxYE5FN/xw==}
    engines: {node: ^14.21.3 || >=16}

  '@noble/hashes@1.8.0':
    resolution: {integrity: sha512-jCs9ldd7NwzpgXDIf6P3+NrHh9/sD6CQdxHyjQI+h/6rDNo88ypBxxz45UDuZHz9r3tNz7N/VInSVoVdtXEI4A==}
    engines: {node: ^14.21.3 || >=16}

  '@scure/base@1.2.6':
    resolution: {integrity: sha512-g/nm5FgUa//MCj1gV09zTJTaM6KBAHqLN907YVQqf7zC49+DcO4B1so4ZX07Ef10Twr6nuqYEH9GEggFXA4Fmg==}

  '@scure/bip32@1.7.0':
    resolution: {integrity: sha512-E4FFX/N3f4B80AKWp5dP6ow+flD1LQZo/w8UnLGYZO674jS6YnYeepycOOksv+vLPSpgN35wgKgy+ybfTb2SMw==}

  '@scure/bip39@1.6.0':
    resolution: {integrity: sha512-+lF0BbLiJNwVlev4eKelw1WWLaiKXw7sSl8T6FvBlWkdX+94aGJ4o8XjUdlyhTCjd8c+B3KT3JfS8P0bLRNU6A==}

  '@wagmi/core@2.20.0':
    resolution: {integrity: sha512-oKocFmaWvEEeccmb9+LtfXTO6XB0E2qmWgNK1ne0ruZWZwkcpUDJ/Fl39E6VLiz6O3n5KHA/dqT7efj2o4XOrA==}
    peerDependencies:
      '@tanstack/query-core': '>=5.0.0'
      typescript: '>=5.0.4'
      viem: 2.x
    peerDependenciesMeta:
      '@tanstack/query-core':
        optional: true
      typescript:
        optional: true

  abitype@1.0.8:
    resolution: {integrity: sha512-ZeiI6h3GnW06uYDLx0etQtX/p8E24UaHHBj57RSjK7YBFe7iuVn07EDpOeP451D06sF27VOz9JJPlIKJmXgkEg==}
    peerDependencies:
      typescript: '>=5.0.4'
      zod: ^3 >=3.22.0
    peerDependenciesMeta:
      typescript:
        optional: true
      zod:
        optional: true

  abitype@1.0.9:
    resolution: {integrity: sha512-oN0S++TQmlwWuB+rkA6aiEefLv3SP+2l/tC5mux/TLj6qdA6rF15Vbpex4fHovLsMkwLwTIRj8/Q8vXCS3GfOg==}
    peerDependencies:
      typescript: '>=5.0.4'
      zod: ^3 >=3.22.0
    peerDependenciesMeta:
      typescript:
        optional: true
      zod:
        optional: true

  comlink@4.4.2:
    resolution: {integrity: sha512-OxGdvBmJuNKSCMO4NTl1L47VRp6xn2wG4F/2hYzB6tiCb709otOxtEYCSvK80PtjODfXXZu8ds+Nw5kVCjqd2g==}

  eventemitter3@5.0.1:
    resolution: {integrity: sha512-GWkBvjiSZK87ELrYOSESUYeVIc9mvLLf/nXalMOS5dYrgZq9o5OVkbZAVM06CVxYsCwH9BDZFPlQTlPA1j4ahA==}

  isows@1.0.7:
    resolution: {integrity: sha512-I1fSfDCZL5P0v33sVqeTDSpcstAg/N+wF5HS033mogOVIp4B+oHC7oOCsA3axAbBSGTJ8QubbNmnIRN/h8U7hg==}
    peerDependencies:
      ws: '*'

  mipd@0.0.7:
    resolution: {integrity: sha512-aAPZPNDQ3uMTdKbuO2YmAw2TxLHO0moa4YKAyETM/DTj5FloZo+a+8tU+iv4GmW+sOxKLSRwcSFuczk+Cpt6fg==}
    peerDependencies:
      typescript: '>=5.0.4'
    peerDependenciesMeta:
      typescript:
        optional: true

  ox@0.4.4:
    resolution: {integrity: sha512-oJPEeCDs9iNiPs6J0rTx+Y0KGeCGyCAA3zo94yZhm8G5WpOxrwUtn2Ie/Y8IyARSqqY/j9JTKA3Fc1xs1DvFnw==}
    peerDependencies:
      typescript: '>=5.4.0'
    peerDependenciesMeta:
      typescript:
        optional: true

  ox@0.8.7:
    resolution: {integrity: sha512-W1f0FiMf9NZqtHPEDEAEkyzZDwbIKfmH2qmQx8NNiQ/9JhxrSblmtLJsSfTtQG5YKowLOnBlLVguCyxm/7ztxw==}
    peerDependencies:
      typescript: '>=5.4.0'
    peerDependenciesMeta:
      typescript:
        optional: true

  viem@2.35.1:
    resolution: {integrity: sha512-BVGrI2xzMa+cWaUhhMuq+RV6t/8aHN08QAPG07OMFb3PBWc0AYubRMyIuxMKncFe8lJdxfRWNRYv1agoM/xSlQ==}
    peerDependencies:
      typescript: '>=5.0.4'
    peerDependenciesMeta:
      typescript:
        optional: true

  ws@8.18.3:
    resolution: {integrity: sha512-PEIGCY5tSlUt50cqyMXfCzX+oOPqN0vuGqWzbcJ2xvnkzkq46oOpz7dQaTDBdfICb4N14+GARUDw2XV2N4tvzg==}
    engines: {node: '>=10.0.0'}
    peerDependencies:
      bufferutil: ^4.0.1
      utf-8-validate: '>=5.0.2'
    peerDependenciesMeta:
      bufferutil:
        optional: true
      utf-8-validate:
        optional: true

  zod@3.25.76:
    resolution: {integrity: sha512-gzUt/qt81nXsFGKIFcC3YnfEAx5NkunCfnDlvuBSSFS02bcXu4Lmea0AFIUwbLWxWPx3d9p8S5QoaujKcNQxcQ==}

  zustand@5.0.0:
    resolution: {integrity: sha512-LE+VcmbartOPM+auOjCCLQOsQ05zUTp8RkgwRzefUk+2jISdMMFnxvyTjA4YNWr5ZGXYbVsEMZosttuxUBkojQ==}
    engines: {node: '>=12.20.0'}
    peerDependencies:
      '@types/react': '>=18.0.0'
      immer: '>=9.0.6'
      react: '>=18.0.0'
      use-sync-external-store: '>=1.2.0'
    peerDependenciesMeta:
      '@types/react':
        optional: true
      immer:
        optional: true
      react:
        optional: true
      use-sync-external-store:
        optional: true

snapshots:

  '@adraffy/ens-normalize@1.11.0': {}

  '@farcaster/frame-core@0.0.23':
    dependencies:
      ox: 0.4.4(zod@3.25.76)
      zod: 3.25.76
    transitivePeerDependencies:
      - typescript

  '@farcaster/frame-sdk@0.0.25(zod@3.25.76)':
    dependencies:
      '@farcaster/frame-core': 0.0.23
      comlink: 4.4.2
      eventemitter3: 5.0.1
      ox: 0.4.4(zod@3.25.76)
    transitivePeerDependencies:
      - typescript
      - zod

  '@farcaster/frame-wagmi-connector@0.0.12(@farcaster/frame-sdk@0.0.25(zod@3.25.76))(@wagmi/core@2.20.0(viem@2.35.1(zod@3.25.76)))(viem@2.35.1(zod@3.25.76))':
    dependencies:
      '@farcaster/frame-sdk': 0.0.25(zod@3.25.76)
      '@wagmi/core': 2.20.0(viem@2.35.1(zod@3.25.76))
      viem: 2.35.1(zod@3.25.76)

  '@noble/ciphers@1.3.0': {}

  '@noble/curves@1.9.6':
    dependencies:
      '@noble/hashes': 1.8.0

  '@noble/curves@1.9.7':
    dependencies:
      '@noble/hashes': 1.8.0

  '@noble/hashes@1.8.0': {}

  '@scure/base@1.2.6': {}

  '@scure/bip32@1.7.0':
    dependencies:
      '@noble/curves': 1.9.7
      '@noble/hashes': 1.8.0
      '@scure/base': 1.2.6

  '@scure/bip39@1.6.0':
    dependencies:
      '@noble/hashes': 1.8.0
      '@scure/base': 1.2.6

  '@wagmi/core@2.20.0(viem@2.35.1(zod@3.25.76))':
    dependencies:
      eventemitter3: 5.0.1
      mipd: 0.0.7
      viem: 2.35.1(zod@3.25.76)
      zustand: 5.0.0
    transitivePeerDependencies:
      - '@types/react'
      - immer
      - react
      - use-sync-external-store

  abitype@1.0.8(zod@3.25.76):
    optionalDependencies:
      zod: 3.25.76

  abitype@1.0.9(zod@3.25.76):
    optionalDependencies:
      zod: 3.25.76

  comlink@4.4.2: {}

  eventemitter3@5.0.1: {}

  isows@1.0.7(ws@8.18.3):
    dependencies:
      ws: 8.18.3

  mipd@0.0.7: {}

  ox@0.4.4(zod@3.25.76):
    dependencies:
      '@adraffy/ens-normalize': 1.11.0
      '@noble/curves': 1.9.7
      '@noble/hashes': 1.8.0
      '@scure/bip32': 1.7.0
      '@scure/bip39': 1.6.0
      abitype: 1.0.9(zod@3.25.76)
      eventemitter3: 5.0.1
    transitivePeerDependencies:
      - zod

  ox@0.8.7(zod@3.25.76):
    dependencies:
      '@adraffy/ens-normalize': 1.11.0
      '@noble/ciphers': 1.3.0
      '@noble/curves': 1.9.6
      '@noble/hashes': 1.8.0
      '@scure/bip32': 1.7.0
      '@scure/bip39': 1.6.0
      abitype: 1.0.8(zod@3.25.76)
      eventemitter3: 5.0.1
    transitivePeerDependencies:
      - zod

  viem@2.35.1(zod@3.25.76):
    dependencies:
      '@noble/curves': 1.9.6
      '@noble/hashes': 1.8.0
      '@scure/bip32': 1.7.0
      '@scure/bip39': 1.6.0
      abitype: 1.0.8(zod@3.25.76)
      isows: 1.0.7(ws@8.18.3)
      ox: 0.8.7(zod@3.25.76)
      ws: 8.18.3
    transitivePeerDependencies:
      - bufferutil
      - utf-8-validate
      - zod

  ws@8.18.3: {}

  zod@3.25.76: {}

  zustand@5.0.0: {}
